
Microsoft Visual Studio Solution File, Format Version 12.00
# Visual Studio Version 17
VisualStudioVersion = 17.11.35312.102
MinimumVisualStudioVersion = 10.0.40219.1
Project("{FAE04EC0-301F-11D3-BF4B-00C04F79EFBC}") = "04-18-25", "04-18-25\04-18-25.csproj", "{75F5503E-993F-4116-A95F-144860CC77FE}"
EndProject
Global
	GlobalSection(SolutionConfigurationPlatforms) = preSolution
		Debug|Any CPU = Debug|Any CPU
		Release|Any CPU = Release|Any CPU
	EndGlobalSection
	GlobalSection(ProjectConfigurationPlatforms) = postSolution
		{75F5503E-993F-4116-A95F-144860CC77FE}.Debug|Any CPU.ActiveCfg = Debug|Any CPU
		{75F5503E-993F-4116-A95F-144860CC77FE}.Debug|Any CPU.Build.0 = Debug|Any CPU
		{75F5503E-993F-4116-A95F-144860CC77FE}.Release|Any CPU.ActiveCfg = Release|Any CPU
		{75F5503E-993F-4116-A95F-144860CC77FE}.Release|Any CPU.Build.0 = Release|Any CPU
	EndGlobalSection
	GlobalSection(SolutionProperties) = preSolution
		HideSolutionNode = FALSE
	EndGlobalSection
	GlobalSection(ExtensibilityGlobals) = postSolution
		SolutionGuid = {846B1B84-2475-4354-91DA-3EA1AD4845D2}
	EndGlobalSection
EndGlobal
